
Microsoft Visual Studio Solution File, Format Version 12.00
# Visual Studio 15
VisualStudioVersion = 15.0.27130.2020
MinimumVisualStudioVersion = 10.0.40219.1
Project("{FAE04EC0-301F-11D3-BF4B-00C04F79EFBC}") = "Child Talker", "Child Talker\Child Talker.csproj", "{47491BC7-446C-4E3B-A982-CDEBE8DE22E3}"
EndProject
Project("{FAE04EC0-301F-11D3-BF4B-00C04F79EFBC}") = "Child TalkerTests", "Child TalkerTests\Child TalkerTests.csproj", "{844496E3-ED16-4311-BFB3-6938DBE90308}"
EndProject
Global
	GlobalSection(SolutionConfigurationPlatforms) = preSolution
		Debug|Any CPU = Debug|Any CPU
		Release|Any CPU = Release|Any CPU
	EndGlobalSection
	GlobalSection(ProjectConfigurationPlatforms) = postSolution
		{47491BC7-446C-4E3B-A982-CDEBE8DE22E3}.Debug|Any CPU.ActiveCfg = Debug|Any CPU
		{47491BC7-446C-4E3B-A982-CDEBE8DE22E3}.Debug|Any CPU.Build.0 = Debug|Any CPU
		{47491BC7-446C-4E3B-A982-CDEBE8DE22E3}.Release|Any CPU.ActiveCfg = Release|Any CPU
		{47491BC7-446C-4E3B-A982-CDEBE8DE22E3}.Release|Any CPU.Build.0 = Release|Any CPU
		{844496E3-ED16-4311-BFB3-6938DBE90308}.Debug|Any CPU.ActiveCfg = Debug|Any CPU
		{844496E3-ED16-4311-BFB3-6938DBE90308}.Debug|Any CPU.Build.0 = Debug|Any CPU
		{844496E3-ED16-4311-BFB3-6938DBE90308}.Release|Any CPU.ActiveCfg = Release|Any CPU
		{844496E3-ED16-4311-BFB3-6938DBE90308}.Release|Any CPU.Build.0 = Release|Any CPU
	EndGlobalSection
	GlobalSection(SolutionProperties) = preSolution
		HideSolutionNode = FALSE
	EndGlobalSection
	GlobalSection(ExtensibilityGlobals) = postSolution
		SolutionGuid = {6CAB0D0F-F7F9-4814-93A6-7077A7D949CF}
	EndGlobalSection
EndGlobal
